
Microsoft Visual Studio Solution File, Format Version 12.00
# Visual Studio Version 16
VisualStudioVersion = 16.0.30320.27
MinimumVisualStudioVersion = 10.0.40219.1
Project("{2150E333-8FDC-42A3-9474-1A3956D46DE8}") = "Microservices", "Microservices", "{82C11CD3-AA8F-43AF-97EB-D44FD54DDC27}"
EndProject
Project("{2150E333-8FDC-42A3-9474-1A3956D46DE8}") = "Domain", "Domain", "{17B22A67-987A-4AFA-9AD2-17157B59DB00}"
EndProject
Project("{2150E333-8FDC-42A3-9474-1A3956D46DE8}") = "Infra.Bus", "Infra.Bus", "{A012983A-18CB-4589-B7DA-19AC5C548358}"
EndProject
Project("{2150E333-8FDC-42A3-9474-1A3956D46DE8}") = "Infra.IoC", "Infra.IoC", "{76859F3A-9D00-41CE-BF35-A4AE40FF72B4}"
EndProject
Project("{2150E333-8FDC-42A3-9474-1A3956D46DE8}") = "Presentation", "Presentation", "{AFB56301-DE90-404C-B94D-9206B7F3288E}"
EndProject
Project("{FAE04EC0-301F-11D3-BF4B-00C04F79EFBC}") = "MicroMQ.Domain.Core", "src\MicroRabbit.Domain.Core\MicroMQ.Domain.Core.csproj", "{9833147A-929E-4AFA-819B-707BB8EA70D9}"
EndProject
Project("{FAE04EC0-301F-11D3-BF4B-00C04F79EFBC}") = "MicroMQ.Infra.Bus", "src\MicroMQ.Infra.Bus\MicroMQ.Infra.Bus.csproj", "{23B36B55-2C19-4937-80E4-E4B58EDF6512}"
EndProject
Project("{FAE04EC0-301F-11D3-BF4B-00C04F79EFBC}") = "MicroMQ.Infra.IoC", "src\MicroMQ.Infra.IoC\MicroMQ.Infra.IoC.csproj", "{DF1A07AF-FAF8-4FD6-9037-23F974A21AE5}"
EndProject
Project("{2150E333-8FDC-42A3-9474-1A3956D46DE8}") = "Banking", "Banking", "{22064A94-9BD5-4CF1-82B6-C2C276AE9B0B}"
EndProject
Project("{2150E333-8FDC-42A3-9474-1A3956D46DE8}") = "Api", "Api", "{144C2D97-1566-4648-8F0B-07AC72296220}"
EndProject
Project("{2150E333-8FDC-42A3-9474-1A3956D46DE8}") = "Domain", "Domain", "{1D2CB5FC-2109-4648-B6FE-8968368AB0FC}"
EndProject
Project("{2150E333-8FDC-42A3-9474-1A3956D46DE8}") = "Application", "Application", "{0D223C4F-0EC2-4F7E-AFBF-2990598A23C9}"
EndProject
Project("{2150E333-8FDC-42A3-9474-1A3956D46DE8}") = "Data", "Data", "{4FFA630A-DB06-4C68-913E-AD693C71F4DA}"
EndProject
Project("{FAE04EC0-301F-11D3-BF4B-00C04F79EFBC}") = "MicroMQ.Banking.Api", "src\Microservices\MicroMQ.Banking.Api\MicroMQ.Banking.Api.csproj", "{D3F6B6DE-3F68-4264-8EA6-34A4DCA16C7F}"
EndProject
Project("{FAE04EC0-301F-11D3-BF4B-00C04F79EFBC}") = "MicroMQ.Baking.Application", "src\Microservices\MicroMQ.Baking.Application\MicroMQ.Baking.Application.csproj", "{EDE9281A-55AF-49A4-A852-59FDEE49B168}"
EndProject
Project("{FAE04EC0-301F-11D3-BF4B-00C04F79EFBC}") = "MicroMQ.Banking.Data", "src\Microservices\MicroMQ.Banking.Data\MicroMQ.Banking.Data.csproj", "{EDFB4086-F7D3-4F07-AC3C-0748A80384AC}"
EndProject
Project("{FAE04EC0-301F-11D3-BF4B-00C04F79EFBC}") = "MicroMQ.Banking.Domain", "src\Microservices\MicroMQ.Banking.Domain\MicroMQ.Banking.Domain.csproj", "{886F79EB-E034-4919-B278-F4B165F6D7D3}"
EndProject
Project("{2150E333-8FDC-42A3-9474-1A3956D46DE8}") = "Transfer", "Transfer", "{321EE57B-AED2-4016-8E77-81E8227D6D7B}"
EndProject
Project("{2150E333-8FDC-42A3-9474-1A3956D46DE8}") = "Api", "Api", "{D3AC7BF3-C3ED-4928-A211-20030ADCA228}"
EndProject
Project("{2150E333-8FDC-42A3-9474-1A3956D46DE8}") = "Application", "Application", "{9036FBB8-8D70-43C7-ADE9-984226BA89E8}"
EndProject
Project("{2150E333-8FDC-42A3-9474-1A3956D46DE8}") = "Data", "Data", "{E3AB5D20-26DA-41CA-A88E-D9A169008011}"
EndProject
Project("{2150E333-8FDC-42A3-9474-1A3956D46DE8}") = "Domain", "Domain", "{D4283DCE-EDDA-4E4A-84F7-5E761FD60AAB}"
EndProject
Project("{FAE04EC0-301F-11D3-BF4B-00C04F79EFBC}") = "MicroMQ.Transfer.Api", "src\Microservices\MicroMQ.Transfer.Api\MicroMQ.Transfer.Api.csproj", "{4129B3A2-B4A1-4A77-BA9B-A13DDC81169D}"
EndProject
Project("{FAE04EC0-301F-11D3-BF4B-00C04F79EFBC}") = "MicroMQ.Transfer.Application", "src\Microservices\MicroMQ.Transfer.Application\MicroMQ.Transfer.Application.csproj", "{F716B386-F0C1-45D0-8D5A-491746BD3805}"
EndProject
Project("{FAE04EC0-301F-11D3-BF4B-00C04F79EFBC}") = "MicroMQ.Transfer.Domain", "src\Microservices\MicroMQ.Transfer.Domain\MicroMQ.Transfer.Domain.csproj", "{CE32E103-B8F0-43BD-8F75-F3FC60F9E722}"
EndProject
Project("{FAE04EC0-301F-11D3-BF4B-00C04F79EFBC}") = "MicroMQ.Transfer.Data", "src\Microservices\MicroMQ.Transfer.Data\MicroMQ.Transfer.Data.csproj", "{9D35F3C1-AEAD-4FE8-9913-515690555851}"
EndProject
Global
	GlobalSection(SolutionConfigurationPlatforms) = preSolution
		Debug|Any CPU = Debug|Any CPU
		Release|Any CPU = Release|Any CPU
	EndGlobalSection
	GlobalSection(ProjectConfigurationPlatforms) = postSolution
		{9833147A-929E-4AFA-819B-707BB8EA70D9}.Debug|Any CPU.ActiveCfg = Debug|Any CPU
		{9833147A-929E-4AFA-819B-707BB8EA70D9}.Debug|Any CPU.Build.0 = Debug|Any CPU
		{9833147A-929E-4AFA-819B-707BB8EA70D9}.Release|Any CPU.ActiveCfg = Release|Any CPU
		{9833147A-929E-4AFA-819B-707BB8EA70D9}.Release|Any CPU.Build.0 = Release|Any CPU
		{23B36B55-2C19-4937-80E4-E4B58EDF6512}.Debug|Any CPU.ActiveCfg = Debug|Any CPU
		{23B36B55-2C19-4937-80E4-E4B58EDF6512}.Debug|Any CPU.Build.0 = Debug|Any CPU
		{23B36B55-2C19-4937-80E4-E4B58EDF6512}.Release|Any CPU.ActiveCfg = Release|Any CPU
		{23B36B55-2C19-4937-80E4-E4B58EDF6512}.Release|Any CPU.Build.0 = Release|Any CPU
		{DF1A07AF-FAF8-4FD6-9037-23F974A21AE5}.Debug|Any CPU.ActiveCfg = Debug|Any CPU
		{DF1A07AF-FAF8-4FD6-9037-23F974A21AE5}.Debug|Any CPU.Build.0 = Debug|Any CPU
		{DF1A07AF-FAF8-4FD6-9037-23F974A21AE5}.Release|Any CPU.ActiveCfg = Release|Any CPU
		{DF1A07AF-FAF8-4FD6-9037-23F974A21AE5}.Release|Any CPU.Build.0 = Release|Any CPU
		{D3F6B6DE-3F68-4264-8EA6-34A4DCA16C7F}.Debug|Any CPU.ActiveCfg = Debug|Any CPU
		{D3F6B6DE-3F68-4264-8EA6-34A4DCA16C7F}.Debug|Any CPU.Build.0 = Debug|Any CPU
		{D3F6B6DE-3F68-4264-8EA6-34A4DCA16C7F}.Release|Any CPU.ActiveCfg = Release|Any CPU
		{D3F6B6DE-3F68-4264-8EA6-34A4DCA16C7F}.Release|Any CPU.Build.0 = Release|Any CPU
		{EDE9281A-55AF-49A4-A852-59FDEE49B168}.Debug|Any CPU.ActiveCfg = Debug|Any CPU
		{EDE9281A-55AF-49A4-A852-59FDEE49B168}.Debug|Any CPU.Build.0 = Debug|Any CPU
		{EDE9281A-55AF-49A4-A852-59FDEE49B168}.Release|Any CPU.ActiveCfg = Release|Any CPU
		{EDE9281A-55AF-49A4-A852-59FDEE49B168}.Release|Any CPU.Build.0 = Release|Any CPU
		{EDFB4086-F7D3-4F07-AC3C-0748A80384AC}.Debug|Any CPU.ActiveCfg = Debug|Any CPU
		{EDFB4086-F7D3-4F07-AC3C-0748A80384AC}.Debug|Any CPU.Build.0 = Debug|Any CPU
		{EDFB4086-F7D3-4F07-AC3C-0748A80384AC}.Release|Any CPU.ActiveCfg = Release|Any CPU
		{EDFB4086-F7D3-4F07-AC3C-0748A80384AC}.Release|Any CPU.Build.0 = Release|Any CPU
		{886F79EB-E034-4919-B278-F4B165F6D7D3}.Debug|Any CPU.ActiveCfg = Debug|Any CPU
		{886F79EB-E034-4919-B278-F4B165F6D7D3}.Debug|Any CPU.Build.0 = Debug|Any CPU
		{886F79EB-E034-4919-B278-F4B165F6D7D3}.Release|Any CPU.ActiveCfg = Release|Any CPU
		{886F79EB-E034-4919-B278-F4B165F6D7D3}.Release|Any CPU.Build.0 = Release|Any CPU
		{4129B3A2-B4A1-4A77-BA9B-A13DDC81169D}.Debug|Any CPU.ActiveCfg = Debug|Any CPU
		{4129B3A2-B4A1-4A77-BA9B-A13DDC81169D}.Debug|Any CPU.Build.0 = Debug|Any CPU
		{4129B3A2-B4A1-4A77-BA9B-A13DDC81169D}.Release|Any CPU.ActiveCfg = Release|Any CPU
		{4129B3A2-B4A1-4A77-BA9B-A13DDC81169D}.Release|Any CPU.Build.0 = Release|Any CPU
		{F716B386-F0C1-45D0-8D5A-491746BD3805}.Debug|Any CPU.ActiveCfg = Debug|Any CPU
		{F716B386-F0C1-45D0-8D5A-491746BD3805}.Debug|Any CPU.Build.0 = Debug|Any CPU
		{F716B386-F0C1-45D0-8D5A-491746BD3805}.Release|Any CPU.ActiveCfg = Release|Any CPU
		{F716B386-F0C1-45D0-8D5A-491746BD3805}.Release|Any CPU.Build.0 = Release|Any CPU
		{CE32E103-B8F0-43BD-8F75-F3FC60F9E722}.Debug|Any CPU.ActiveCfg = Debug|Any CPU
		{CE32E103-B8F0-43BD-8F75-F3FC60F9E722}.Debug|Any CPU.Build.0 = Debug|Any CPU
		{CE32E103-B8F0-43BD-8F75-F3FC60F9E722}.Release|Any CPU.ActiveCfg = Release|Any CPU
		{CE32E103-B8F0-43BD-8F75-F3FC60F9E722}.Release|Any CPU.Build.0 = Release|Any CPU
		{9D35F3C1-AEAD-4FE8-9913-515690555851}.Debug|Any CPU.ActiveCfg = Debug|Any CPU
		{9D35F3C1-AEAD-4FE8-9913-515690555851}.Debug|Any CPU.Build.0 = Debug|Any CPU
		{9D35F3C1-AEAD-4FE8-9913-515690555851}.Release|Any CPU.ActiveCfg = Release|Any CPU
		{9D35F3C1-AEAD-4FE8-9913-515690555851}.Release|Any CPU.Build.0 = Release|Any CPU
	EndGlobalSection
	GlobalSection(SolutionProperties) = preSolution
		HideSolutionNode = FALSE
	EndGlobalSection
	GlobalSection(NestedProjects) = preSolution
		{9833147A-929E-4AFA-819B-707BB8EA70D9} = {17B22A67-987A-4AFA-9AD2-17157B59DB00}
		{23B36B55-2C19-4937-80E4-E4B58EDF6512} = {A012983A-18CB-4589-B7DA-19AC5C548358}
		{DF1A07AF-FAF8-4FD6-9037-23F974A21AE5} = {76859F3A-9D00-41CE-BF35-A4AE40FF72B4}
		{22064A94-9BD5-4CF1-82B6-C2C276AE9B0B} = {82C11CD3-AA8F-43AF-97EB-D44FD54DDC27}
		{144C2D97-1566-4648-8F0B-07AC72296220} = {22064A94-9BD5-4CF1-82B6-C2C276AE9B0B}
		{1D2CB5FC-2109-4648-B6FE-8968368AB0FC} = {22064A94-9BD5-4CF1-82B6-C2C276AE9B0B}
		{0D223C4F-0EC2-4F7E-AFBF-2990598A23C9} = {22064A94-9BD5-4CF1-82B6-C2C276AE9B0B}
		{4FFA630A-DB06-4C68-913E-AD693C71F4DA} = {22064A94-9BD5-4CF1-82B6-C2C276AE9B0B}
		{D3F6B6DE-3F68-4264-8EA6-34A4DCA16C7F} = {144C2D97-1566-4648-8F0B-07AC72296220}
		{EDE9281A-55AF-49A4-A852-59FDEE49B168} = {0D223C4F-0EC2-4F7E-AFBF-2990598A23C9}
		{EDFB4086-F7D3-4F07-AC3C-0748A80384AC} = {4FFA630A-DB06-4C68-913E-AD693C71F4DA}
		{886F79EB-E034-4919-B278-F4B165F6D7D3} = {1D2CB5FC-2109-4648-B6FE-8968368AB0FC}
		{321EE57B-AED2-4016-8E77-81E8227D6D7B} = {82C11CD3-AA8F-43AF-97EB-D44FD54DDC27}
		{D3AC7BF3-C3ED-4928-A211-20030ADCA228} = {321EE57B-AED2-4016-8E77-81E8227D6D7B}
		{9036FBB8-8D70-43C7-ADE9-984226BA89E8} = {321EE57B-AED2-4016-8E77-81E8227D6D7B}
		{E3AB5D20-26DA-41CA-A88E-D9A169008011} = {321EE57B-AED2-4016-8E77-81E8227D6D7B}
		{D4283DCE-EDDA-4E4A-84F7-5E761FD60AAB} = {321EE57B-AED2-4016-8E77-81E8227D6D7B}
		{4129B3A2-B4A1-4A77-BA9B-A13DDC81169D} = {D3AC7BF3-C3ED-4928-A211-20030ADCA228}
		{F716B386-F0C1-45D0-8D5A-491746BD3805} = {9036FBB8-8D70-43C7-ADE9-984226BA89E8}
		{CE32E103-B8F0-43BD-8F75-F3FC60F9E722} = {D4283DCE-EDDA-4E4A-84F7-5E761FD60AAB}
		{9D35F3C1-AEAD-4FE8-9913-515690555851} = {E3AB5D20-26DA-41CA-A88E-D9A169008011}
	EndGlobalSection
	GlobalSection(ExtensibilityGlobals) = postSolution
		SolutionGuid = {3720FF22-E74B-4BD7-BCD4-6D7B9843BC06}
	EndGlobalSection
EndGlobal
